// !$*UTF8*$!
{
	archiveVersion = 1;
	classes = {
	};
	objectVersion = 55;
	objects = {

/* Begin PBXBuildFile section */
		6AB65601280EDDB6001E2065 /* WeblateApp.swift in Sources */ = {isa = PBXBuildFile; fileRef = 6AB65600280EDDB6001E2065 /* WeblateApp.swift */; };
		6AB65603280EDDB6001E2065 /* HomeView.swift in Sources */ = {isa = PBXBuildFile; fileRef = 6AB65602280EDDB6001E2065 /* HomeView.swift */; };
		6AB65605280EDDB8001E2065 /* Assets.xcassets in Resources */ = {isa = PBXBuildFile; fileRef = 6AB65604280EDDB8001E2065 /* Assets.xcassets */; };
		6AB65608280EDDB8001E2065 /* Preview Assets.xcassets in Resources */ = {isa = PBXBuildFile; fileRef = 6AB65607280EDDB8001E2065 /* Preview Assets.xcassets */; };
		6AB65610280EDDFF001E2065 /* SQLite in Frameworks */ = {isa = PBXBuildFile; productRef = 6AB6560F280EDDFF001E2065 /* SQLite */; };
		6AB65613280EDE26001E2065 /* APIRequest in Frameworks */ = {isa = PBXBuildFile; productRef = 6AB65612280EDE26001E2065 /* APIRequest */; };
		6AB65616280EDE59001E2065 /* MyAppsiOS in Frameworks */ = {isa = PBXBuildFile; productRef = 6AB65615280EDE59001E2065 /* MyAppsiOS */; };
		6AB6561C280EE0CD001E2065 /* HomeViewModel.swift in Sources */ = {isa = PBXBuildFile; fileRef = 6AB6561B280EE0CD001E2065 /* HomeViewModel.swift */; };
		6AB6561F280EE224001E2065 /* Localizable.strings in Resources */ = {isa = PBXBuildFile; fileRef = 6AB65621280EE224001E2065 /* Localizable.strings */; };
		6AB65623280EE301001E2065 /* APIService.swift in Sources */ = {isa = PBXBuildFile; fileRef = 6AB65622280EE301001E2065 /* APIService.swift */; };
		6AB65625280EE409001E2065 /* APIResponse.swift in Sources */ = {isa = PBXBuildFile; fileRef = 6AB65624280EE409001E2065 /* APIResponse.swift */; };
		6AB65627280EE454001E2065 /* Project.swift in Sources */ = {isa = PBXBuildFile; fileRef = 6AB65626280EE454001E2065 /* Project.swift */; };
		6AB65629280EE795001E2065 /* Component.swift in Sources */ = {isa = PBXBuildFile; fileRef = 6AB65628280EE795001E2065 /* Component.swift */; };
		6AB6562B280EE984001E2065 /* Instance.swift in Sources */ = {isa = PBXBuildFile; fileRef = 6AB6562A280EE984001E2065 /* Instance.swift */; };
		6AB6562D280EEA6D001E2065 /* DatabaseService.swift in Sources */ = {isa = PBXBuildFile; fileRef = 6AB6562C280EEA6D001E2065 /* DatabaseService.swift */; };
		6AB65630280F067E001E2065 /* CreateUpdateInstanceViewModel.swift in Sources */ = {isa = PBXBuildFile; fileRef = 6AB6562F280F067E001E2065 /* CreateUpdateInstanceViewModel.swift */; };
		6AB65632280F0742001E2065 /* CreateUpdateInstanceView.swift in Sources */ = {isa = PBXBuildFile; fileRef = 6AB65631280F0742001E2065 /* CreateUpdateInstanceView.swift */; };
		6AB65635280F0F85001E2065 /* StringExtension.swift in Sources */ = {isa = PBXBuildFile; fileRef = 6AB65634280F0F85001E2065 /* StringExtension.swift */; };
/* End PBXBuildFile section */

/* Begin PBXFileReference section */
		6AB655FD280EDDB6001E2065 /* Weblate.app */ = {isa = PBXFileReference; explicitFileType = wrapper.application; includeInIndex = 0; path = Weblate.app; sourceTree = BUILT_PRODUCTS_DIR; };
		6AB65600280EDDB6001E2065 /* WeblateApp.swift */ = {isa = PBXFileReference; lastKnownFileType = sourcecode.swift; path = WeblateApp.swift; sourceTree = "<group>"; };
		6AB65602280EDDB6001E2065 /* HomeView.swift */ = {isa = PBXFileReference; lastKnownFileType = sourcecode.swift; path = HomeView.swift; sourceTree = "<group>"; };
		6AB65604280EDDB8001E2065 /* Assets.xcassets */ = {isa = PBXFileReference; lastKnownFileType = folder.assetcatalog; path = Assets.xcassets; sourceTree = "<group>"; };
		6AB65607280EDDB8001E2065 /* Preview Assets.xcassets */ = {isa = PBXFileReference; lastKnownFileType = folder.assetcatalog; path = "Preview Assets.xcassets"; sourceTree = "<group>"; };
		6AB6561B280EE0CD001E2065 /* HomeViewModel.swift */ = {isa = PBXFileReference; lastKnownFileType = sourcecode.swift; path = HomeViewModel.swift; sourceTree = "<group>"; };
		6AB65620280EE224001E2065 /* en */ = {isa = PBXFileReference; lastKnownFileType = text.plist.strings; name = en; path = en.lproj/Localizable.strings; sourceTree = "<group>"; };
		6AB65622280EE301001E2065 /* APIService.swift */ = {isa = PBXFileReference; lastKnownFileType = sourcecode.swift; path = APIService.swift; sourceTree = "<group>"; };
		6AB65624280EE409001E2065 /* APIResponse.swift */ = {isa = PBXFileReference; lastKnownFileType = sourcecode.swift; path = APIResponse.swift; sourceTree = "<group>"; };
		6AB65626280EE454001E2065 /* Project.swift */ = {isa = PBXFileReference; lastKnownFileType = sourcecode.swift; path = Project.swift; sourceTree = "<group>"; };
		6AB65628280EE795001E2065 /* Component.swift */ = {isa = PBXFileReference; lastKnownFileType = sourcecode.swift; path = Component.swift; sourceTree = "<group>"; };
		6AB6562A280EE984001E2065 /* Instance.swift */ = {isa = PBXFileReference; lastKnownFileType = sourcecode.swift; path = Instance.swift; sourceTree = "<group>"; };
		6AB6562C280EEA6D001E2065 /* DatabaseService.swift */ = {isa = PBXFileReference; lastKnownFileType = sourcecode.swift; path = DatabaseService.swift; sourceTree = "<group>"; };
		6AB6562E280EEB0F001E2065 /* Weblate.entitlements */ = {isa = PBXFileReference; lastKnownFileType = text.plist.entitlements; path = Weblate.entitlements; sourceTree = "<group>"; };
		6AB6562F280F067E001E2065 /* CreateUpdateInstanceViewModel.swift */ = {isa = PBXFileReference; lastKnownFileType = sourcecode.swift; path = CreateUpdateInstanceViewModel.swift; sourceTree = "<group>"; };
		6AB65631280F0742001E2065 /* CreateUpdateInstanceView.swift */ = {isa = PBXFileReference; lastKnownFileType = sourcecode.swift; path = CreateUpdateInstanceView.swift; sourceTree = "<group>"; };
		6AB65634280F0F85001E2065 /* StringExtension.swift */ = {isa = PBXFileReference; lastKnownFileType = sourcecode.swift; path = StringExtension.swift; sourceTree = "<group>"; };
/* End PBXFileReference section */

/* Begin PBXFrameworksBuildPhase section */
		6AB655FA280EDDB6001E2065 /* Frameworks */ = {
			isa = PBXFrameworksBuildPhase;
			buildActionMask = 2147483647;
			files = (
				6AB65616280EDE59001E2065 /* MyAppsiOS in Frameworks */,
				6AB65610280EDDFF001E2065 /* SQLite in Frameworks */,
				6AB65613280EDE26001E2065 /* APIRequest in Frameworks */,
			);
			runOnlyForDeploymentPostprocessing = 0;
		};
/* End PBXFrameworksBuildPhase section */

/* Begin PBXGroup section */
		6AB655F4280EDDB6001E2065 = {
			isa = PBXGroup;
			children = (
				6AB655FF280EDDB6001E2065 /* Weblate */,
				6AB655FE280EDDB6001E2065 /* Products */,
			);
			sourceTree = "<group>";
		};
		6AB655FE280EDDB6001E2065 /* Products */ = {
			isa = PBXGroup;
			children = (
				6AB655FD280EDDB6001E2065 /* Weblate.app */,
			);
			name = Products;
			sourceTree = "<group>";
		};
		6AB655FF280EDDB6001E2065 /* Weblate */ = {
			isa = PBXGroup;
			children = (
				6AB65633280F0F7B001E2065 /* Extensions */,
				6AB65618280EDE70001E2065 /* Models */,
				6AB6561A280EDE9C001E2065 /* Services */,
				6AB65619280EDE77001E2065 /* ViewModels */,
				6AB65617280EDE6A001E2065 /* Views */,
				6AB65600280EDDB6001E2065 /* WeblateApp.swift */,
				6AB65604280EDDB8001E2065 /* Assets.xcassets */,
				6AB6562E280EEB0F001E2065 /* Weblate.entitlements */,
				6AB65621280EE224001E2065 /* Localizable.strings */,
				6AB65606280EDDB8001E2065 /* Preview Content */,
			);
			path = Weblate;
			sourceTree = "<group>";
		};
		6AB65606280EDDB8001E2065 /* Preview Content */ = {
			isa = PBXGroup;
			children = (
				6AB65607280EDDB8001E2065 /* Preview Assets.xcassets */,
			);
			path = "Preview Content";
			sourceTree = "<group>";
		};
		6AB65617280EDE6A001E2065 /* Views */ = {
			isa = PBXGroup;
			children = (
				6AB65602280EDDB6001E2065 /* HomeView.swift */,
				6AB65631280F0742001E2065 /* CreateUpdateInstanceView.swift */,
			);
			path = Views;
			sourceTree = "<group>";
		};
		6AB65618280EDE70001E2065 /* Models */ = {
			isa = PBXGroup;
			children = (
				6AB65624280EE409001E2065 /* APIResponse.swift */,
				6AB6562A280EE984001E2065 /* Instance.swift */,
				6AB65626280EE454001E2065 /* Project.swift */,
				6AB65628280EE795001E2065 /* Component.swift */,
			);
			path = Models;
			sourceTree = "<group>";
		};
		6AB65619280EDE77001E2065 /* ViewModels */ = {
			isa = PBXGroup;
			children = (
				6AB6561B280EE0CD001E2065 /* HomeViewModel.swift */,
				6AB6562F280F067E001E2065 /* CreateUpdateInstanceViewModel.swift */,
			);
			path = ViewModels;
			sourceTree = "<group>";
		};
		6AB6561A280EDE9C001E2065 /* Services */ = {
			isa = PBXGroup;
			children = (
				6AB65622280EE301001E2065 /* APIService.swift */,
				6AB6562C280EEA6D001E2065 /* DatabaseService.swift */,
			);
			path = Services;
			sourceTree = "<group>";
		};
		6AB65633280F0F7B001E2065 /* Extensions */ = {
			isa = PBXGroup;
			children = (
				6AB65634280F0F85001E2065 /* StringExtension.swift */,
			);
			path = Extensions;
			sourceTree = "<group>";
		};
/* End PBXGroup section */

/* Begin PBXNativeTarget section */
		6AB655FC280EDDB6001E2065 /* Weblate */ = {
			isa = PBXNativeTarget;
			buildConfigurationList = 6AB6560B280EDDB8001E2065 /* Build configuration list for PBXNativeTarget "Weblate" */;
			buildPhases = (
				6AB655F9280EDDB6001E2065 /* Sources */,
				6AB655FA280EDDB6001E2065 /* Frameworks */,
				6AB655FB280EDDB6001E2065 /* Resources */,
			);
			buildRules = (
			);
			dependencies = (
			);
			name = Weblate;
			packageProductDependencies = (
				6AB6560F280EDDFF001E2065 /* SQLite */,
				6AB65612280EDE26001E2065 /* APIRequest */,
				6AB65615280EDE59001E2065 /* MyAppsiOS */,
			);
			productName = Weblate;
			productReference = 6AB655FD280EDDB6001E2065 /* Weblate.app */;
			productType = "com.apple.product-type.application";
		};
/* End PBXNativeTarget section */

/* Begin PBXProject section */
		6AB655F5280EDDB6001E2065 /* Project object */ = {
			isa = PBXProject;
			attributes = {
				BuildIndependentTargetsInParallel = 1;
				LastSwiftUpdateCheck = 1330;
				LastUpgradeCheck = 1330;
				TargetAttributes = {
					6AB655FC280EDDB6001E2065 = {
						CreatedOnToolsVersion = 13.3.1;
					};
				};
			};
			buildConfigurationList = 6AB655F8280EDDB6001E2065 /* Build configuration list for PBXProject "Weblate" */;
			compatibilityVersion = "Xcode 13.0";
			developmentRegion = en;
			hasScannedForEncodings = 0;
			knownRegions = (
				en,
				Base,
			);
			mainGroup = 6AB655F4280EDDB6001E2065;
			packageReferences = (
				6AB6560E280EDDFF001E2065 /* XCRemoteSwiftPackageReference "SQLite" */,
				6AB65611280EDE26001E2065 /* XCRemoteSwiftPackageReference "APIRequest" */,
				6AB65614280EDE59001E2065 /* XCRemoteSwiftPackageReference "MyApps" */,
			);
			productRefGroup = 6AB655FE280EDDB6001E2065 /* Products */;
			projectDirPath = "";
			projectRoot = "";
			targets = (
				6AB655FC280EDDB6001E2065 /* Weblate */,
			);
		};
/* End PBXProject section */

/* Begin PBXResourcesBuildPhase section */
		6AB655FB280EDDB6001E2065 /* Resources */ = {
			isa = PBXResourcesBuildPhase;
			buildActionMask = 2147483647;
			files = (
				6AB65608280EDDB8001E2065 /* Preview Assets.xcassets in Resources */,
				6AB6561F280EE224001E2065 /* Localizable.strings in Resources */,
				6AB65605280EDDB8001E2065 /* Assets.xcassets in Resources */,
			);
			runOnlyForDeploymentPostprocessing = 0;
		};
/* End PBXResourcesBuildPhase section */

/* Begin PBXSourcesBuildPhase section */
		6AB655F9280EDDB6001E2065 /* Sources */ = {
			isa = PBXSourcesBuildPhase;
			buildActionMask = 2147483647;
			files = (
				6AB6562D280EEA6D001E2065 /* DatabaseService.swift in Sources */,
				6AB65603280EDDB6001E2065 /* HomeView.swift in Sources */,
				6AB65629280EE795001E2065 /* Component.swift in Sources */,
				6AB6561C280EE0CD001E2065 /* HomeViewModel.swift in Sources */,
				6AB65632280F0742001E2065 /* CreateUpdateInstanceView.swift in Sources */,
				6AB65623280EE301001E2065 /* APIService.swift in Sources */,
				6AB65625280EE409001E2065 /* APIResponse.swift in Sources */,
				6AB65601280EDDB6001E2065 /* WeblateApp.swift in Sources */,
				6AB65635280F0F85001E2065 /* StringExtension.swift in Sources */,
				6AB6562B280EE984001E2065 /* Instance.swift in Sources */,
				6AB65630280F067E001E2065 /* CreateUpdateInstanceViewModel.swift in Sources */,
				6AB65627280EE454001E2065 /* Project.swift in Sources */,
			);
			runOnlyForDeploymentPostprocessing = 0;
		};
/* End PBXSourcesBuildPhase section */

/* Begin PBXVariantGroup section */
		6AB65621280EE224001E2065 /* Localizable.strings */ = {
			isa = PBXVariantGroup;
			children = (
				6AB65620280EE224001E2065 /* en */,
			);
			name = Localizable.strings;
			sourceTree = "<group>";
		};
/* End PBXVariantGroup section */

/* Begin XCBuildConfiguration section */
		6AB65609280EDDB8001E2065 /* Debug */ = {
			isa = XCBuildConfiguration;
			buildSettings = {
				ALWAYS_SEARCH_USER_PATHS = NO;
				CLANG_ANALYZER_NONNULL = YES;
				CLANG_ANALYZER_NUMBER_OBJECT_CONVERSION = YES_AGGRESSIVE;
				CLANG_CXX_LANGUAGE_STANDARD = "gnu++17";
				CLANG_ENABLE_MODULES = YES;
				CLANG_ENABLE_OBJC_ARC = YES;
				CLANG_ENABLE_OBJC_WEAK = YES;
				CLANG_WARN_BLOCK_CAPTURE_AUTORELEASING = YES;
				CLANG_WARN_BOOL_CONVERSION = YES;
				CLANG_WARN_COMMA = YES;
				CLANG_WARN_CONSTANT_CONVERSION = YES;
				CLANG_WARN_DEPRECATED_OBJC_IMPLEMENTATIONS = YES;
				CLANG_WARN_DIRECT_OBJC_ISA_USAGE = YES_ERROR;
				CLANG_WARN_DOCUMENTATION_COMMENTS = YES;
				CLANG_WARN_EMPTY_BODY = YES;
				CLANG_WARN_ENUM_CONVERSION = YES;
				CLANG_WARN_INFINITE_RECURSION = YES;
				CLANG_WARN_INT_CONVERSION = YES;
				CLANG_WARN_NON_LITERAL_NULL_CONVERSION = YES;
				CLANG_WARN_OBJC_IMPLICIT_RETAIN_SELF = YES;
				CLANG_WARN_OBJC_LITERAL_CONVERSION = YES;
				CLANG_WARN_OBJC_ROOT_CLASS = YES_ERROR;
				CLANG_WARN_QUOTED_INCLUDE_IN_FRAMEWORK_HEADER = YES;
				CLANG_WARN_RANGE_LOOP_ANALYSIS = YES;
				CLANG_WARN_STRICT_PROTOTYPES = YES;
				CLANG_WARN_SUSPICIOUS_MOVE = YES;
				CLANG_WARN_UNGUARDED_AVAILABILITY = YES_AGGRESSIVE;
				CLANG_WARN_UNREACHABLE_CODE = YES;
				CLANG_WARN__DUPLICATE_METHOD_MATCH = YES;
				COPY_PHASE_STRIP = NO;
				DEBUG_INFORMATION_FORMAT = dwarf;
				ENABLE_STRICT_OBJC_MSGSEND = YES;
				ENABLE_TESTABILITY = YES;
				GCC_C_LANGUAGE_STANDARD = gnu11;
				GCC_DYNAMIC_NO_PIC = NO;
				GCC_NO_COMMON_BLOCKS = YES;
				GCC_OPTIMIZATION_LEVEL = 0;
				GCC_PREPROCESSOR_DEFINITIONS = (
					"DEBUG=1",
					"$(inherited)",
				);
				GCC_WARN_64_TO_32_BIT_CONVERSION = YES;
				GCC_WARN_ABOUT_RETURN_TYPE = YES_ERROR;
				GCC_WARN_UNDECLARED_SELECTOR = YES;
				GCC_WARN_UNINITIALIZED_AUTOS = YES_AGGRESSIVE;
				GCC_WARN_UNUSED_FUNCTION = YES;
				GCC_WARN_UNUSED_VARIABLE = YES;
				IPHONEOS_DEPLOYMENT_TARGET = 15.4;
				MTL_ENABLE_DEBUG_INFO = INCLUDE_SOURCE;
				MTL_FAST_MATH = YES;
				ONLY_ACTIVE_ARCH = YES;
				SDKROOT = iphoneos;
				SWIFT_ACTIVE_COMPILATION_CONDITIONS = DEBUG;
				SWIFT_OPTIMIZATION_LEVEL = "-Onone";
			};
			name = Debug;
		};
		6AB6560A280EDDB8001E2065 /* Release */ = {
			isa = XCBuildConfiguration;
			buildSettings = {
				ALWAYS_SEARCH_USER_PATHS = NO;
				CLANG_ANALYZER_NONNULL = YES;
				CLANG_ANALYZER_NUMBER_OBJECT_CONVERSION = YES_AGGRESSIVE;
				CLANG_CXX_LANGUAGE_STANDARD = "gnu++17";
				CLANG_ENABLE_MODULES = YES;
				CLANG_ENABLE_OBJC_ARC = YES;
				CLANG_ENABLE_OBJC_WEAK = YES;
				CLANG_WARN_BLOCK_CAPTURE_AUTORELEASING = YES;
				CLANG_WARN_BOOL_CONVERSION = YES;
				CLANG_WARN_COMMA = YES;
				CLANG_WARN_CONSTANT_CONVERSION = YES;
				CLANG_WARN_DEPRECATED_OBJC_IMPLEMENTATIONS = YES;
				CLANG_WARN_DIRECT_OBJC_ISA_USAGE = YES_ERROR;
				CLANG_WARN_DOCUMENTATION_COMMENTS = YES;
				CLANG_WARN_EMPTY_BODY = YES;
				CLANG_WARN_ENUM_CONVERSION = YES;
				CLANG_WARN_INFINITE_RECURSION = YES;
				CLANG_WARN_INT_CONVERSION = YES;
				CLANG_WARN_NON_LITERAL_NULL_CONVERSION = YES;
				CLANG_WARN_OBJC_IMPLICIT_RETAIN_SELF = YES;
				CLANG_WARN_OBJC_LITERAL_CONVERSION = YES;
				CLANG_WARN_OBJC_ROOT_CLASS = YES_ERROR;
				CLANG_WARN_QUOTED_INCLUDE_IN_FRAMEWORK_HEADER = YES;
				CLANG_WARN_RANGE_LOOP_ANALYSIS = YES;
				CLANG_WARN_STRICT_PROTOTYPES = YES;
				CLANG_WARN_SUSPICIOUS_MOVE = YES;
				CLANG_WARN_UNGUARDED_AVAILABILITY = YES_AGGRESSIVE;
				CLANG_WARN_UNREACHABLE_CODE = YES;
				CLANG_WARN__DUPLICATE_METHOD_MATCH = YES;
				COPY_PHASE_STRIP = NO;
				DEBUG_INFORMATION_FORMAT = "dwarf-with-dsym";
				ENABLE_NS_ASSERTIONS = NO;
				ENABLE_STRICT_OBJC_MSGSEND = YES;
				GCC_C_LANGUAGE_STANDARD = gnu11;
				GCC_NO_COMMON_BLOCKS = YES;
				GCC_WARN_64_TO_32_BIT_CONVERSION = YES;
				GCC_WARN_ABOUT_RETURN_TYPE = YES_ERROR;
				GCC_WARN_UNDECLARED_SELECTOR = YES;
				GCC_WARN_UNINITIALIZED_AUTOS = YES_AGGRESSIVE;
				GCC_WARN_UNUSED_FUNCTION = YES;
				GCC_WARN_UNUSED_VARIABLE = YES;
				IPHONEOS_DEPLOYMENT_TARGET = 15.4;
				MTL_ENABLE_DEBUG_INFO = NO;
				MTL_FAST_MATH = YES;
				SDKROOT = iphoneos;
				SWIFT_COMPILATION_MODE = wholemodule;
				SWIFT_OPTIMIZATION_LEVEL = "-O";
				VALIDATE_PRODUCT = YES;
			};
			name = Release;
		};
		6AB6560C280EDDB8001E2065 /* Debug */ = {
			isa = XCBuildConfiguration;
			buildSettings = {
				ASSETCATALOG_COMPILER_APPICON_NAME = AppIcon;
				ASSETCATALOG_COMPILER_GLOBAL_ACCENT_COLOR_NAME = AccentColor;
				CODE_SIGN_ENTITLEMENTS = Weblate/Weblate.entitlements;
				CODE_SIGN_STYLE = Automatic;
				CURRENT_PROJECT_VERSION = 1;
				DEVELOPMENT_ASSET_PATHS = "\"Weblate/Preview Content\"";
				DEVELOPMENT_TEAM = ZL9396WK65;
				ENABLE_PREVIEWS = YES;
				GENERATE_INFOPLIST_FILE = YES;
				INFOPLIST_KEY_UIApplicationSceneManifest_Generation = YES;
				INFOPLIST_KEY_UIApplicationSupportsIndirectInputEvents = YES;
				INFOPLIST_KEY_UILaunchScreen_Generation = YES;
				INFOPLIST_KEY_UISupportedInterfaceOrientations_iPad = "UIInterfaceOrientationPortrait UIInterfaceOrientationPortraitUpsideDown UIInterfaceOrientationLandscapeLeft UIInterfaceOrientationLandscapeRight";
				INFOPLIST_KEY_UISupportedInterfaceOrientations_iPhone = "UIInterfaceOrientationPortrait UIInterfaceOrientationLandscapeLeft UIInterfaceOrientationLandscapeRight";
				LD_RUNPATH_SEARCH_PATHS = (
					"$(inherited)",
					"@executable_path/Frameworks",
				);
				MARKETING_VERSION = 1.0;
				PRODUCT_BUNDLE_IDENTIFIER = me.nathanfallet.Weblate;
				PRODUCT_NAME = "$(TARGET_NAME)";
				SWIFT_EMIT_LOC_STRINGS = YES;
				SWIFT_VERSION = 5.0;
				TARGETED_DEVICE_FAMILY = "1,2";
			};
			name = Debug;
		};
		6AB6560D280EDDB8001E2065 /* Release */ = {
			isa = XCBuildConfiguration;
			buildSettings = {
				ASSETCATALOG_COMPILER_APPICON_NAME = AppIcon;
				ASSETCATALOG_COMPILER_GLOBAL_ACCENT_COLOR_NAME = AccentColor;
				CODE_SIGN_ENTITLEMENTS = Weblate/Weblate.entitlements;
				CODE_SIGN_STYLE = Automatic;
				CURRENT_PROJECT_VERSION = 1;
				DEVELOPMENT_ASSET_PATHS = "\"Weblate/Preview Content\"";
				DEVELOPMENT_TEAM = ZL9396WK65;
				ENABLE_PREVIEWS = YES;
				GENERATE_INFOPLIST_FILE = YES;
				INFOPLIST_KEY_UIApplicationSceneManifest_Generation = YES;
				INFOPLIST_KEY_UIApplicationSupportsIndirectInputEvents = YES;
				INFOPLIST_KEY_UILaunchScreen_Generation = YES;
				INFOPLIST_KEY_UISupportedInterfaceOrientations_iPad = "UIInterfaceOrientationPortrait UIInterfaceOrientationPortraitUpsideDown UIInterfaceOrientationLandscapeLeft UIInterfaceOrientationLandscapeRight";
				INFOPLIST_KEY_UISupportedInterfaceOrientations_iPhone = "UIInterfaceOrientationPortrait UIInterfaceOrientationLandscapeLeft UIInterfaceOrientationLandscapeRight";
				LD_RUNPATH_SEARCH_PATHS = (
					"$(inherited)",
					"@executable_path/Frameworks",
				);
				MARKETING_VERSION = 1.0;
				PRODUCT_BUNDLE_IDENTIFIER = me.nathanfallet.Weblate;
				PRODUCT_NAME = "$(TARGET_NAME)";
				SWIFT_EMIT_LOC_STRINGS = YES;
				SWIFT_VERSION = 5.0;
				TARGETED_DEVICE_FAMILY = "1,2";
			};
			name = Release;
		};
/* End XCBuildConfiguration section */

/* Begin XCConfigurationList section */
		6AB655F8280EDDB6001E2065 /* Build configuration list for PBXProject "Weblate" */ = {
			isa = XCConfigurationList;
			buildConfigurations = (
				6AB65609280EDDB8001E2065 /* Debug */,
				6AB6560A280EDDB8001E2065 /* Release */,
			);
			defaultConfigurationIsVisible = 0;
			defaultConfigurationName = Release;
		};
		6AB6560B280EDDB8001E2065 /* Build configuration list for PBXNativeTarget "Weblate" */ = {
			isa = XCConfigurationList;
			buildConfigurations = (
				6AB6560C280EDDB8001E2065 /* Debug */,
				6AB6560D280EDDB8001E2065 /* Release */,
			);
			defaultConfigurationIsVisible = 0;
			defaultConfigurationName = Release;
		};
/* End XCConfigurationList section */

/* Begin XCRemoteSwiftPackageReference section */
		6AB6560E280EDDFF001E2065 /* XCRemoteSwiftPackageReference "SQLite" */ = {
			isa = XCRemoteSwiftPackageReference;
			repositoryURL = "https://github.com/stephencelis/SQLite.swift";
			requirement = {
				kind = upToNextMajorVersion;
				minimumVersion = 0.13.3;
			};
		};
		6AB65611280EDE26001E2065 /* XCRemoteSwiftPackageReference "APIRequest" */ = {
			isa = XCRemoteSwiftPackageReference;
			repositoryURL = "https://github.com/GroupeMINASTE/APIRequest.swift";
			requirement = {
				kind = upToNextMajorVersion;
				minimumVersion = 1.3.3;
			};
		};
		6AB65614280EDE59001E2065 /* XCRemoteSwiftPackageReference "MyApps" */ = {
			isa = XCRemoteSwiftPackageReference;
			repositoryURL = "https://github.com/NathanFallet/MyApps";
			requirement = {
				branch = main;
				kind = branch;
			};
		};
/* End XCRemoteSwiftPackageReference section */

/* Begin XCSwiftPackageProductDependency section */
		6AB6560F280EDDFF001E2065 /* SQLite */ = {
			isa = XCSwiftPackageProductDependency;
			package = 6AB6560E280EDDFF001E2065 /* XCRemoteSwiftPackageReference "SQLite" */;
			productName = SQLite;
		};
		6AB65612280EDE26001E2065 /* APIRequest */ = {
			isa = XCSwiftPackageProductDependency;
			package = 6AB65611280EDE26001E2065 /* XCRemoteSwiftPackageReference "APIRequest" */;
			productName = APIRequest;
		};
		6AB65615280EDE59001E2065 /* MyAppsiOS */ = {
			isa = XCSwiftPackageProductDependency;
			package = 6AB65614280EDE59001E2065 /* XCRemoteSwiftPackageReference "MyApps" */;
			productName = MyAppsiOS;
		};
/* End XCSwiftPackageProductDependency section */
	};
	rootObject = 6AB655F5280EDDB6001E2065 /* Project object */;
}
